
Microsoft Visual Studio Solution File, Format Version 12.00
# Visual Studio Version 17
VisualStudioVersion = 17.13.35828.75 d17.13
MinimumVisualStudioVersion = 10.0.40219.1
Project("{FAE04EC0-301F-11D3-BF4B-00C04F79EFBC}") = "SAR2_LibraryManagementSystem", "SAR2_LibraryManagementSystem\SAR2_LibraryManagementSystem.csproj", "{7E9044EF-80B1-4365-8407-14FD1F1ED915}"
EndProject
Global
	GlobalSection(SolutionConfigurationPlatforms) = preSolution
		Debug|Any CPU = Debug|Any CPU
		Release|Any CPU = Release|Any CPU
	EndGlobalSection
	GlobalSection(ProjectConfigurationPlatforms) = postSolution
		{7E9044EF-80B1-4365-8407-14FD1F1ED915}.Debug|Any CPU.ActiveCfg = Debug|Any CPU
		{7E9044EF-80B1-4365-8407-14FD1F1ED915}.Debug|Any CPU.Build.0 = Debug|Any CPU
		{7E9044EF-80B1-4365-8407-14FD1F1ED915}.Release|Any CPU.ActiveCfg = Release|Any CPU
		{7E9044EF-80B1-4365-8407-14FD1F1ED915}.Release|Any CPU.Build.0 = Release|Any CPU
	EndGlobalSection
	GlobalSection(SolutionProperties) = preSolution
		HideSolutionNode = FALSE
	EndGlobalSection
	GlobalSection(ExtensibilityGlobals) = postSolution
		SolutionGuid = {D757CA93-5B78-4F24-8241-85BB183941E2}
	EndGlobalSection
EndGlobal
